# This file is automatically @generated by Cargo.
# It is not intended for manual editing.
version = 3

[[package]]
name = "rdbg"
version = "0.1.3"

[[package]]
name = "rdbg-client"
version = "0.1.3"
dependencies = [
 "rdbg",
]

[[package]]
name = "rdbg-view"
version = "0.1.3"
dependencies = [
 "rdbg-client",
]
